
Microsoft Visual Studio Solution File, Format Version 12.00
# Visual Studio Version 16
VisualStudioVersion = 16.0.29613.14
MinimumVisualStudioVersion = 10.0.40219.1
Project("{FAE04EC0-301F-11D3-BF4B-00C04F79EFBC}") = "Data-Types", "Data-Types\Data-Types.csproj", "{184569A1-C7EE-4A0B-A235-49AE1A92FF48}"
EndProject
Global
	GlobalSection(SolutionConfigurationPlatforms) = preSolution
		Debug|Any CPU = Debug|Any CPU
		Release|Any CPU = Release|Any CPU
	EndGlobalSection
	GlobalSection(ProjectConfigurationPlatforms) = postSolution
		{184569A1-C7EE-4A0B-A235-49AE1A92FF48}.Debug|Any CPU.ActiveCfg = Debug|Any CPU
		{184569A1-C7EE-4A0B-A235-49AE1A92FF48}.Debug|Any CPU.Build.0 = Debug|Any CPU
		{184569A1-C7EE-4A0B-A235-49AE1A92FF48}.Release|Any CPU.ActiveCfg = Release|Any CPU
		{184569A1-C7EE-4A0B-A235-49AE1A92FF48}.Release|Any CPU.Build.0 = Release|Any CPU
	EndGlobalSection
	GlobalSection(SolutionProperties) = preSolution
		HideSolutionNode = FALSE
	EndGlobalSection
	GlobalSection(ExtensibilityGlobals) = postSolution
		SolutionGuid = {44A32BE4-41C0-40D1-889D-209C8E5015B3}
	EndGlobalSection
EndGlobal
