
Microsoft Visual Studio Solution File, Format Version 12.00
# Visual Studio Version 16
VisualStudioVersion = 16.0.29926.136
MinimumVisualStudioVersion = 10.0.40219.1
Project("{FAE04EC0-301F-11D3-BF4B-00C04F79EFBC}") = "assessment-review", "assessment-review\assessment-review.csproj", "{7CA2928C-9C56-4578-9A12-72DE9AC5A9C5}"
EndProject
Global
	GlobalSection(SolutionConfigurationPlatforms) = preSolution
		Debug|Any CPU = Debug|Any CPU
		Release|Any CPU = Release|Any CPU
	EndGlobalSection
	GlobalSection(ProjectConfigurationPlatforms) = postSolution
		{7CA2928C-9C56-4578-9A12-72DE9AC5A9C5}.Debug|Any CPU.ActiveCfg = Debug|Any CPU
		{7CA2928C-9C56-4578-9A12-72DE9AC5A9C5}.Debug|Any CPU.Build.0 = Debug|Any CPU
		{7CA2928C-9C56-4578-9A12-72DE9AC5A9C5}.Release|Any CPU.ActiveCfg = Release|Any CPU
		{7CA2928C-9C56-4578-9A12-72DE9AC5A9C5}.Release|Any CPU.Build.0 = Release|Any CPU
	EndGlobalSection
	GlobalSection(SolutionProperties) = preSolution
		HideSolutionNode = FALSE
	EndGlobalSection
	GlobalSection(ExtensibilityGlobals) = postSolution
		SolutionGuid = {BEEA0B99-EB18-4455-BEE0-E82F15F2D23F}
	EndGlobalSection
EndGlobal
