
Microsoft Visual Studio Solution File, Format Version 12.00
# Visual Studio Version 16
VisualStudioVersion = 16.0.29613.14
MinimumVisualStudioVersion = 10.0.40219.1
Project("{FAE04EC0-301F-11D3-BF4B-00C04F79EFBC}") = "Assesment3_BreakOut", "Assesment3_BreakOut\Assesment3_BreakOut.csproj", "{FF0F2C2D-476D-422E-9FBB-23226EF54427}"
EndProject
Project("{FAE04EC0-301F-11D3-BF4B-00C04F79EFBC}") = "XUnitTestProject1", "XUnitTestProject1\XUnitTestProject1.csproj", "{83973C38-5446-4B6C-A9E0-5C014895D406}"
EndProject
Project("{FAE04EC0-301F-11D3-BF4B-00C04F79EFBC}") = "Calc", "Calc\Calc.csproj", "{8139A660-3E19-405E-A6D5-BC1014BE7998}"
EndProject
Global
	GlobalSection(SolutionConfigurationPlatforms) = preSolution
		Debug|Any CPU = Debug|Any CPU
		Release|Any CPU = Release|Any CPU
	EndGlobalSection
	GlobalSection(ProjectConfigurationPlatforms) = postSolution
		{FF0F2C2D-476D-422E-9FBB-23226EF54427}.Debug|Any CPU.ActiveCfg = Debug|Any CPU
		{FF0F2C2D-476D-422E-9FBB-23226EF54427}.Debug|Any CPU.Build.0 = Debug|Any CPU
		{FF0F2C2D-476D-422E-9FBB-23226EF54427}.Release|Any CPU.ActiveCfg = Release|Any CPU
		{FF0F2C2D-476D-422E-9FBB-23226EF54427}.Release|Any CPU.Build.0 = Release|Any CPU
		{83973C38-5446-4B6C-A9E0-5C014895D406}.Debug|Any CPU.ActiveCfg = Debug|Any CPU
		{83973C38-5446-4B6C-A9E0-5C014895D406}.Debug|Any CPU.Build.0 = Debug|Any CPU
		{83973C38-5446-4B6C-A9E0-5C014895D406}.Release|Any CPU.ActiveCfg = Release|Any CPU
		{83973C38-5446-4B6C-A9E0-5C014895D406}.Release|Any CPU.Build.0 = Release|Any CPU
		{8139A660-3E19-405E-A6D5-BC1014BE7998}.Debug|Any CPU.ActiveCfg = Debug|Any CPU
		{8139A660-3E19-405E-A6D5-BC1014BE7998}.Debug|Any CPU.Build.0 = Debug|Any CPU
		{8139A660-3E19-405E-A6D5-BC1014BE7998}.Release|Any CPU.ActiveCfg = Release|Any CPU
		{8139A660-3E19-405E-A6D5-BC1014BE7998}.Release|Any CPU.Build.0 = Release|Any CPU
	EndGlobalSection
	GlobalSection(SolutionProperties) = preSolution
		HideSolutionNode = FALSE
	EndGlobalSection
	GlobalSection(ExtensibilityGlobals) = postSolution
		SolutionGuid = {162A9BC5-97C1-4EFB-8F99-3C68C192AF80}
	EndGlobalSection
EndGlobal
